
Microsoft Visual Studio Solution File, Format Version 12.00
# Visual Studio Version 17
VisualStudioVersion = 17.5.002.0
MinimumVisualStudioVersion = 10.0.40219.1
Project("{2150E333-8FDC-42A3-9474-1A3956D46DE8}") = "csharp-prep", "csharp-prep", "{30368AA3-3D3B-4EA9-9D20-0F264F1AD9A5}"
EndProject
Project("{9A19103F-16F7-4668-BE54-9A1E7A4F7556}") = "Prep1", "csharp-prep\Prep1\Prep1.csproj", "{691578BE-3A8C-4657-A984-F75B06FEFAB8}"
EndProject
Project("{9A19103F-16F7-4668-BE54-9A1E7A4F7556}") = "Prep2", "csharp-prep\Prep2\Prep2.csproj", "{C5E69EDD-5654-4EF0-B931-5AFE0534CE6A}"
EndProject
Project("{9A19103F-16F7-4668-BE54-9A1E7A4F7556}") = "Prep3", "csharp-prep\Prep3\Prep3.csproj", "{74CED118-6052-4ABF-9F18-79F8A4DB44E5}"
EndProject
Project("{9A19103F-16F7-4668-BE54-9A1E7A4F7556}") = "Prep4", "csharp-prep\Prep4\Prep4.csproj", "{8FCF0605-6813-41DB-BE3D-285FBDE604CA}"
EndProject
Project("{9A19103F-16F7-4668-BE54-9A1E7A4F7556}") = "Prep5", "csharp-prep\Prep5\Prep5.csproj", "{5931001B-8A51-4201-A062-A5D5F6B29915}"
EndProject
Project("{2150E333-8FDC-42A3-9474-1A3956D46DE8}") = "final", "final", "{04A15FA4-C3E8-4B40-BBB0-6C4E575EDEBA}"
EndProject
Project("{9A19103F-16F7-4668-BE54-9A1E7A4F7556}") = "FinalProject", "final\FinalProject\FinalProject.csproj", "{51BE577B-6F06-4939-8FE3-3A6F29ECA80A}"
EndProject
Project("{9A19103F-16F7-4668-BE54-9A1E7A4F7556}") = "Foundation1", "final\Foundation1\Foundation1.csproj", "{0EF04BC6-86C9-47D7-A683-531EF244EA84}"
EndProject
Project("{9A19103F-16F7-4668-BE54-9A1E7A4F7556}") = "Foundation2", "final\Foundation2\Foundation2.csproj", "{D65B2E73-A4C2-47E2-A30A-DAB7786F5D59}"
EndProject
Project("{9A19103F-16F7-4668-BE54-9A1E7A4F7556}") = "Foundation3", "final\Foundation3\Foundation3.csproj", "{03D153B1-A5EA-44B3-84C5-0969F5F6A368}"
EndProject
Project("{9A19103F-16F7-4668-BE54-9A1E7A4F7556}") = "Foundation4", "final\Foundation4\Foundation4.csproj", "{63B5FA0F-0318-42CD-80B7-08673FF5D420}"
EndProject
Project("{2150E333-8FDC-42A3-9474-1A3956D46DE8}") = "prepare", "prepare", "{3A5791FA-0EF0-4CC8-8AFC-3B4CAE745276}"
EndProject
Project("{9A19103F-16F7-4668-BE54-9A1E7A4F7556}") = "Learning02", "prepare\Learning02\Learning02.csproj", "{3EC17D71-3260-4D7E-9883-E16198423B42}"
EndProject
Project("{9A19103F-16F7-4668-BE54-9A1E7A4F7556}") = "Learning03", "prepare\Learning03\Learning03.csproj", "{7165CD5C-0DC1-4F15-A69B-7CDB28CCC578}"
EndProject
Project("{9A19103F-16F7-4668-BE54-9A1E7A4F7556}") = "Learning04", "prepare\Learning04\Learning04.csproj", "{B15D18F9-4B8F-4297-B6AF-762FC7379FA4}"
EndProject
Project("{9A19103F-16F7-4668-BE54-9A1E7A4F7556}") = "Learning05", "prepare\Learning05\Learning05.csproj", "{58F6FC91-A93E-4AE8-BED8-E60B3DA0BC28}"
EndProject
Project("{2150E333-8FDC-42A3-9474-1A3956D46DE8}") = "prove", "prove", "{5E59CB40-CC72-4FEF-92E8-3111B776590A}"
EndProject
Project("{9A19103F-16F7-4668-BE54-9A1E7A4F7556}") = "Develop02", "prove\Develop02\Develop02.csproj", "{B69DE294-A33C-4CD0-B663-D096BC06C6EA}"
EndProject
Project("{9A19103F-16F7-4668-BE54-9A1E7A4F7556}") = "Develop03", "prove\Develop03\Develop03.csproj", "{88285C72-6413-4567-84B0-F6F377684969}"
EndProject
Project("{9A19103F-16F7-4668-BE54-9A1E7A4F7556}") = "Develop04", "prove\Develop04\Develop04.csproj", "{4F3D1399-4FFE-4E1C-8DF5-5D610E86BFDB}"
EndProject
Project("{9A19103F-16F7-4668-BE54-9A1E7A4F7556}") = "Develop05", "prove\Develop05\Develop05.csproj", "{BDA94330-F238-456E-8B93-3B02128DEC0E}"
EndProject
Project("{2150E333-8FDC-42A3-9474-1A3956D46DE8}") = "sandbox", "sandbox", "{334ACA9E-1ADE-4235-A0B2-53282769F672}"
EndProject
Project("{9A19103F-16F7-4668-BE54-9A1E7A4F7556}") = "Sandbox", "sandbox\Sandbox\Sandbox.csproj", "{6B0FDB62-8279-401E-914E-6B7A96367B20}"
EndProject
Global
	GlobalSection(SolutionConfigurationPlatforms) = preSolution
		Debug|Any CPU = Debug|Any CPU
		Release|Any CPU = Release|Any CPU
	EndGlobalSection
	GlobalSection(ProjectConfigurationPlatforms) = postSolution
		{691578BE-3A8C-4657-A984-F75B06FEFAB8}.Debug|Any CPU.ActiveCfg = Debug|Any CPU
		{691578BE-3A8C-4657-A984-F75B06FEFAB8}.Debug|Any CPU.Build.0 = Debug|Any CPU
		{691578BE-3A8C-4657-A984-F75B06FEFAB8}.Release|Any CPU.ActiveCfg = Release|Any CPU
		{691578BE-3A8C-4657-A984-F75B06FEFAB8}.Release|Any CPU.Build.0 = Release|Any CPU
		{C5E69EDD-5654-4EF0-B931-5AFE0534CE6A}.Debug|Any CPU.ActiveCfg = Debug|Any CPU
		{C5E69EDD-5654-4EF0-B931-5AFE0534CE6A}.Debug|Any CPU.Build.0 = Debug|Any CPU
		{C5E69EDD-5654-4EF0-B931-5AFE0534CE6A}.Release|Any CPU.ActiveCfg = Release|Any CPU
		{C5E69EDD-5654-4EF0-B931-5AFE0534CE6A}.Release|Any CPU.Build.0 = Release|Any CPU
		{74CED118-6052-4ABF-9F18-79F8A4DB44E5}.Debug|Any CPU.ActiveCfg = Debug|Any CPU
		{74CED118-6052-4ABF-9F18-79F8A4DB44E5}.Debug|Any CPU.Build.0 = Debug|Any CPU
		{74CED118-6052-4ABF-9F18-79F8A4DB44E5}.Release|Any CPU.ActiveCfg = Release|Any CPU
		{74CED118-6052-4ABF-9F18-79F8A4DB44E5}.Release|Any CPU.Build.0 = Release|Any CPU
		{8FCF0605-6813-41DB-BE3D-285FBDE604CA}.Debug|Any CPU.ActiveCfg = Debug|Any CPU
		{8FCF0605-6813-41DB-BE3D-285FBDE604CA}.Debug|Any CPU.Build.0 = Debug|Any CPU
		{8FCF0605-6813-41DB-BE3D-285FBDE604CA}.Release|Any CPU.ActiveCfg = Release|Any CPU
		{8FCF0605-6813-41DB-BE3D-285FBDE604CA}.Release|Any CPU.Build.0 = Release|Any CPU
		{5931001B-8A51-4201-A062-A5D5F6B29915}.Debug|Any CPU.ActiveCfg = Debug|Any CPU
		{5931001B-8A51-4201-A062-A5D5F6B29915}.Debug|Any CPU.Build.0 = Debug|Any CPU
		{5931001B-8A51-4201-A062-A5D5F6B29915}.Release|Any CPU.ActiveCfg = Release|Any CPU
		{5931001B-8A51-4201-A062-A5D5F6B29915}.Release|Any CPU.Build.0 = Release|Any CPU
		{51BE577B-6F06-4939-8FE3-3A6F29ECA80A}.Debug|Any CPU.ActiveCfg = Debug|Any CPU
		{51BE577B-6F06-4939-8FE3-3A6F29ECA80A}.Debug|Any CPU.Build.0 = Debug|Any CPU
		{51BE577B-6F06-4939-8FE3-3A6F29ECA80A}.Release|Any CPU.ActiveCfg = Release|Any CPU
		{51BE577B-6F06-4939-8FE3-3A6F29ECA80A}.Release|Any CPU.Build.0 = Release|Any CPU
		{0EF04BC6-86C9-47D7-A683-531EF244EA84}.Debug|Any CPU.ActiveCfg = Debug|Any CPU
		{0EF04BC6-86C9-47D7-A683-531EF244EA84}.Debug|Any CPU.Build.0 = Debug|Any CPU
		{0EF04BC6-86C9-47D7-A683-531EF244EA84}.Release|Any CPU.ActiveCfg = Release|Any CPU
		{0EF04BC6-86C9-47D7-A683-531EF244EA84}.Release|Any CPU.Build.0 = Release|Any CPU
		{D65B2E73-A4C2-47E2-A30A-DAB7786F5D59}.Debug|Any CPU.ActiveCfg = Debug|Any CPU
		{D65B2E73-A4C2-47E2-A30A-DAB7786F5D59}.Debug|Any CPU.Build.0 = Debug|Any CPU
		{D65B2E73-A4C2-47E2-A30A-DAB7786F5D59}.Release|Any CPU.ActiveCfg = Release|Any CPU
		{D65B2E73-A4C2-47E2-A30A-DAB7786F5D59}.Release|Any CPU.Build.0 = Release|Any CPU
		{03D153B1-A5EA-44B3-84C5-0969F5F6A368}.Debug|Any CPU.ActiveCfg = Debug|Any CPU
		{03D153B1-A5EA-44B3-84C5-0969F5F6A368}.Debug|Any CPU.Build.0 = Debug|Any CPU
		{03D153B1-A5EA-44B3-84C5-0969F5F6A368}.Release|Any CPU.ActiveCfg = Release|Any CPU
		{03D153B1-A5EA-44B3-84C5-0969F5F6A368}.Release|Any CPU.Build.0 = Release|Any CPU
		{63B5FA0F-0318-42CD-80B7-08673FF5D420}.Debug|Any CPU.ActiveCfg = Debug|Any CPU
		{63B5FA0F-0318-42CD-80B7-08673FF5D420}.Debug|Any CPU.Build.0 = Debug|Any CPU
		{63B5FA0F-0318-42CD-80B7-08673FF5D420}.Release|Any CPU.ActiveCfg = Release|Any CPU
		{63B5FA0F-0318-42CD-80B7-08673FF5D420}.Release|Any CPU.Build.0 = Release|Any CPU
		{3EC17D71-3260-4D7E-9883-E16198423B42}.Debug|Any CPU.ActiveCfg = Debug|Any CPU
		{3EC17D71-3260-4D7E-9883-E16198423B42}.Debug|Any CPU.Build.0 = Debug|Any CPU
		{3EC17D71-3260-4D7E-9883-E16198423B42}.Release|Any CPU.ActiveCfg = Release|Any CPU
		{3EC17D71-3260-4D7E-9883-E16198423B42}.Release|Any CPU.Build.0 = Release|Any CPU
		{7165CD5C-0DC1-4F15-A69B-7CDB28CCC578}.Debug|Any CPU.ActiveCfg = Debug|Any CPU
		{7165CD5C-0DC1-4F15-A69B-7CDB28CCC578}.Debug|Any CPU.Build.0 = Debug|Any CPU
		{7165CD5C-0DC1-4F15-A69B-7CDB28CCC578}.Release|Any CPU.ActiveCfg = Release|Any CPU
		{7165CD5C-0DC1-4F15-A69B-7CDB28CCC578}.Release|Any CPU.Build.0 = Release|Any CPU
		{B15D18F9-4B8F-4297-B6AF-762FC7379FA4}.Debug|Any CPU.ActiveCfg = Debug|Any CPU
		{B15D18F9-4B8F-4297-B6AF-762FC7379FA4}.Debug|Any CPU.Build.0 = Debug|Any CPU
		{B15D18F9-4B8F-4297-B6AF-762FC7379FA4}.Release|Any CPU.ActiveCfg = Release|Any CPU
		{B15D18F9-4B8F-4297-B6AF-762FC7379FA4}.Release|Any CPU.Build.0 = Release|Any CPU
		{58F6FC91-A93E-4AE8-BED8-E60B3DA0BC28}.Debug|Any CPU.ActiveCfg = Debug|Any CPU
		{58F6FC91-A93E-4AE8-BED8-E60B3DA0BC28}.Debug|Any CPU.Build.0 = Debug|Any CPU
		{58F6FC91-A93E-4AE8-BED8-E60B3DA0BC28}.Release|Any CPU.ActiveCfg = Release|Any CPU
		{58F6FC91-A93E-4AE8-BED8-E60B3DA0BC28}.Release|Any CPU.Build.0 = Release|Any CPU
		{B69DE294-A33C-4CD0-B663-D096BC06C6EA}.Debug|Any CPU.ActiveCfg = Debug|Any CPU
		{B69DE294-A33C-4CD0-B663-D096BC06C6EA}.Debug|Any CPU.Build.0 = Debug|Any CPU
		{B69DE294-A33C-4CD0-B663-D096BC06C6EA}.Release|Any CPU.ActiveCfg = Release|Any CPU
		{B69DE294-A33C-4CD0-B663-D096BC06C6EA}.Release|Any CPU.Build.0 = Release|Any CPU
		{88285C72-6413-4567-84B0-F6F377684969}.Debug|Any CPU.ActiveCfg = Debug|Any CPU
		{88285C72-6413-4567-84B0-F6F377684969}.Debug|Any CPU.Build.0 = Debug|Any CPU
		{88285C72-6413-4567-84B0-F6F377684969}.Release|Any CPU.ActiveCfg = Release|Any CPU
		{88285C72-6413-4567-84B0-F6F377684969}.Release|Any CPU.Build.0 = Release|Any CPU
		{4F3D1399-4FFE-4E1C-8DF5-5D610E86BFDB}.Debug|Any CPU.ActiveCfg = Debug|Any CPU
		{4F3D1399-4FFE-4E1C-8DF5-5D610E86BFDB}.Debug|Any CPU.Build.0 = Debug|Any CPU
		{4F3D1399-4FFE-4E1C-8DF5-5D610E86BFDB}.Release|Any CPU.ActiveCfg = Release|Any CPU
		{4F3D1399-4FFE-4E1C-8DF5-5D610E86BFDB}.Release|Any CPU.Build.0 = Release|Any CPU
		{BDA94330-F238-456E-8B93-3B02128DEC0E}.Debug|Any CPU.ActiveCfg = Debug|Any CPU
		{BDA94330-F238-456E-8B93-3B02128DEC0E}.Debug|Any CPU.Build.0 = Debug|Any CPU
		{BDA94330-F238-456E-8B93-3B02128DEC0E}.Release|Any CPU.ActiveCfg = Release|Any CPU
		{BDA94330-F238-456E-8B93-3B02128DEC0E}.Release|Any CPU.Build.0 = Release|Any CPU
		{6B0FDB62-8279-401E-914E-6B7A96367B20}.Debug|Any CPU.ActiveCfg = Debug|Any CPU
		{6B0FDB62-8279-401E-914E-6B7A96367B20}.Debug|Any CPU.Build.0 = Debug|Any CPU
		{6B0FDB62-8279-401E-914E-6B7A96367B20}.Release|Any CPU.ActiveCfg = Release|Any CPU
		{6B0FDB62-8279-401E-914E-6B7A96367B20}.Release|Any CPU.Build.0 = Release|Any CPU
	EndGlobalSection
	GlobalSection(SolutionProperties) = preSolution
		HideSolutionNode = FALSE
	EndGlobalSection
	GlobalSection(NestedProjects) = preSolution
		{691578BE-3A8C-4657-A984-F75B06FEFAB8} = {30368AA3-3D3B-4EA9-9D20-0F264F1AD9A5}
		{C5E69EDD-5654-4EF0-B931-5AFE0534CE6A} = {30368AA3-3D3B-4EA9-9D20-0F264F1AD9A5}
		{74CED118-6052-4ABF-9F18-79F8A4DB44E5} = {30368AA3-3D3B-4EA9-9D20-0F264F1AD9A5}
		{8FCF0605-6813-41DB-BE3D-285FBDE604CA} = {30368AA3-3D3B-4EA9-9D20-0F264F1AD9A5}
		{5931001B-8A51-4201-A062-A5D5F6B29915} = {30368AA3-3D3B-4EA9-9D20-0F264F1AD9A5}
		{51BE577B-6F06-4939-8FE3-3A6F29ECA80A} = {04A15FA4-C3E8-4B40-BBB0-6C4E575EDEBA}
		{0EF04BC6-86C9-47D7-A683-531EF244EA84} = {04A15FA4-C3E8-4B40-BBB0-6C4E575EDEBA}
		{D65B2E73-A4C2-47E2-A30A-DAB7786F5D59} = {04A15FA4-C3E8-4B40-BBB0-6C4E575EDEBA}
		{03D153B1-A5EA-44B3-84C5-0969F5F6A368} = {04A15FA4-C3E8-4B40-BBB0-6C4E575EDEBA}
		{63B5FA0F-0318-42CD-80B7-08673FF5D420} = {04A15FA4-C3E8-4B40-BBB0-6C4E575EDEBA}
		{3EC17D71-3260-4D7E-9883-E16198423B42} = {3A5791FA-0EF0-4CC8-8AFC-3B4CAE745276}
		{7165CD5C-0DC1-4F15-A69B-7CDB28CCC578} = {3A5791FA-0EF0-4CC8-8AFC-3B4CAE745276}
		{B15D18F9-4B8F-4297-B6AF-762FC7379FA4} = {3A5791FA-0EF0-4CC8-8AFC-3B4CAE745276}
		{58F6FC91-A93E-4AE8-BED8-E60B3DA0BC28} = {3A5791FA-0EF0-4CC8-8AFC-3B4CAE745276}
		{B69DE294-A33C-4CD0-B663-D096BC06C6EA} = {5E59CB40-CC72-4FEF-92E8-3111B776590A}
		{88285C72-6413-4567-84B0-F6F377684969} = {5E59CB40-CC72-4FEF-92E8-3111B776590A}
		{4F3D1399-4FFE-4E1C-8DF5-5D610E86BFDB} = {5E59CB40-CC72-4FEF-92E8-3111B776590A}
		{BDA94330-F238-456E-8B93-3B02128DEC0E} = {5E59CB40-CC72-4FEF-92E8-3111B776590A}
		{6B0FDB62-8279-401E-914E-6B7A96367B20} = {334ACA9E-1ADE-4235-A0B2-53282769F672}
	EndGlobalSection
	GlobalSection(ExtensibilityGlobals) = postSolution
		SolutionGuid = {873F46D2-A26B-46D8-B70E-10D2474BE5A4}
	EndGlobalSection
EndGlobal
